<?xml version="1.0" encoding="utf-8"?>
<Project ToolsVersion="4.0" xmlns="http://schemas.microsoft.com/developer/msbuild/2003">
  <ItemGroup>
    <Filter Include="源文件">
      <UniqueIdentifier>{4FC737F1-C7A5-4376-A066-2A32D752A2FF}</UniqueIdentifier>
      <Extensions>cpp;c;cc;cxx;def;odl;idl;hpj;bat;asm;asmx</Extensions>
    </Filter>
    <Filter Include="资源文件">
      <UniqueIdentifier>{67DA6AB6-F800-4c08-8B7A-83BB121AAD01}</UniqueIdentifier>
      <Extensions>rc;ico;cur;bmp;dlg;rc2;rct;bin;rgs;gif;jpg;jpeg;jpe;resx;tiff;tif;png;wav;mfcribbon-ms</Extensions>
    </Filter>
    <Filter Include="头文件">
      <UniqueIdentifier>{fa86290d-9cbe-48b3-91fe-b80b93b37056}</UniqueIdentifier>
    </Filter>
  </ItemGroup>
  <ItemGroup>
    <ClCompile Include="abstract_factory.cpp">
      <Filter>源文件</Filter>
    </ClCompile>
    <ClCompile Include="bridge.cpp">
      <Filter>源文件</Filter>
    </ClCompile>
    <ClCompile Include="decorator.cpp">
      <Filter>源文件</Filter>
    </ClCompile>
    <ClCompile Include="design_patterns.cpp">
      <Filter>源文件</Filter>
    </ClCompile>
    <ClCompile Include="event.cpp">
      <Filter>源文件</Filter>
    </ClCompile>
    <ClCompile Include="factory_method.cpp">
      <Filter>源文件</Filter>
    </ClCompile>
    <ClCompile Include="prototype.cpp">
      <Filter>源文件</Filter>
    </ClCompile>
    <ClCompile Include="strategy.cpp">
      <Filter>源文件</Filter>
    </ClCompile>
    <ClCompile Include="template_method.cpp">
      <Filter>源文件</Filter>
    </ClCompile>
  </ItemGroup>
  <ItemGroup>
    <ClInclude Include="abstract_factory.h">
      <Filter>头文件</Filter>
    </ClInclude>
    <ClInclude Include="bridge.h">
      <Filter>头文件</Filter>
    </ClInclude>
    <ClInclude Include="decorator.h">
      <Filter>头文件</Filter>
    </ClInclude>
    <ClInclude Include="design_patterns.h">
      <Filter>头文件</Filter>
    </ClInclude>
    <ClInclude Include="event.h">
      <Filter>头文件</Filter>
    </ClInclude>
    <ClInclude Include="factory_method.h">
      <Filter>头文件</Filter>
    </ClInclude>
    <ClInclude Include="prototype.h">
      <Filter>头文件</Filter>
    </ClInclude>
    <ClInclude Include="strategy.h">
      <Filter>头文件</Filter>
    </ClInclude>
    <ClInclude Include="template_method.h">
      <Filter>头文件</Filter>
    </ClInclude>
  </ItemGroup>
</Project>